hash: 1a3c8850b39ca25d8814c0ed06269a114251c3bd83cd95ced9d949d0d4ef951f
updated: 2017-11-17T18:01:33.399930749+01:00
imports:
- name: github.com/go-redis/redis
  version: d0f86971b5d61de9cebd2616b932acb7ba14d957
  subpackages:
  - internal
  - internal/consistenthash
  - internal/hashtag
  - internal/pool
  - internal/proto
- name: github.com/gorilla/context
  version: 08b5f424b9271eedf6f9f0ce86cb9396ed337a42
- name: github.com/gorilla/mux
  version: 7f08801859139f86dfafd1c296e2cba9a80d292e
- name: gopkg.in/redis.v5
  version: d0f86971b5d61de9cebd2616b932acb7ba14d957
testImports: []
